
Microsoft Visual Studio Solution File, Format Version 12.00
# Visual Studio 15
VisualStudioVersion = 15.0.27004.2006
MinimumVisualStudioVersion = 10.0.40219.1
Project("{FAE04EC0-301F-11D3-BF4B-00C04F79EFBC}") = "HelloApp.Android", "HelloApp\HelloApp.Android\HelloApp.Android.csproj", "{CD6F09A5-641D-4E43-BB9F-539C0F2B3B2E}"
EndProject
Project("{FAE04EC0-301F-11D3-BF4B-00C04F79EFBC}") = "HelloApp", "HelloApp\HelloApp\HelloApp.csproj", "{15880705-98B8-4D8E-B0B4-3A2F56FC916E}"
EndProject
Project("{FAE04EC0-301F-11D3-BF4B-00C04F79EFBC}") = "HelloApp.UWP", "HelloApp\HelloApp.UWP\HelloApp.UWP.csproj", "{B51F966F-0624-44B4-B8E0-391A901116DD}"
EndProject
Project("{FAE04EC0-301F-11D3-BF4B-00C04F79EFBC}") = "HelloApp.iOS", "HelloApp\HelloApp.iOS\HelloApp.iOS.csproj", "{31331D96-EE64-4B27-AE18-8D903B6931AF}"
EndProject
Global
	GlobalSection(SolutionConfigurationPlatforms) = preSolution
		Ad-Hoc|Any CPU = Ad-Hoc|Any CPU
		Ad-Hoc|ARM = Ad-Hoc|ARM
		Ad-Hoc|iPhone = Ad-Hoc|iPhone
		Ad-Hoc|iPhoneSimulator = Ad-Hoc|iPhoneSimulator
		Ad-Hoc|x64 = Ad-Hoc|x64
		Ad-Hoc|x86 = Ad-Hoc|x86
		AppStore|Any CPU = AppStore|Any CPU
		AppStore|ARM = AppStore|ARM
		AppStore|iPhone = AppStore|iPhone
		AppStore|iPhoneSimulator = AppStore|iPhoneSimulator
		AppStore|x64 = AppStore|x64
		AppStore|x86 = AppStore|x86
		Debug|Any CPU = Debug|Any CPU
		Debug|ARM = Debug|ARM
		Debug|iPhone = Debug|iPhone
		Debug|iPhoneSimulator = Debug|iPhoneSimulator
		Debug|x64 = Debug|x64
		Debug|x86 = Debug|x86
		Release|Any CPU = Release|Any CPU
		Release|ARM = Release|ARM
		Release|iPhone = Release|iPhone
		Release|iPhoneSimulator = Release|iPhoneSimulator
		Release|x64 = Release|x64
		Release|x86 = Release|x86
	EndGlobalSection
	GlobalSection(ProjectConfigurationPlatforms) = postSolution
		{CD6F09A5-641D-4E43-BB9F-539C0F2B3B2E}.Ad-Hoc|Any CPU.ActiveCfg = Release|Any CPU
		{CD6F09A5-641D-4E43-BB9F-539C0F2B3B2E}.Ad-Hoc|Any CPU.Build.0 = Release|Any CPU
		{CD6F09A5-641D-4E43-BB9F-539C0F2B3B2E}.Ad-Hoc|Any CPU.Deploy.0 = Release|Any CPU
		{CD6F09A5-641D-4E43-BB9F-539C0F2B3B2E}.Ad-Hoc|ARM.ActiveCfg = Release|Any CPU
		{CD6F09A5-641D-4E43-BB9F-539C0F2B3B2E}.Ad-Hoc|ARM.Build.0 = Release|Any CPU
		{CD6F09A5-641D-4E43-BB9F-539C0F2B3B2E}.Ad-Hoc|ARM.Deploy.0 = Release|Any CPU
		{CD6F09A5-641D-4E43-BB9F-539C0F2B3B2E}.Ad-Hoc|iPhone.ActiveCfg = Release|Any CPU
		{CD6F09A5-641D-4E43-BB9F-539C0F2B3B2E}.Ad-Hoc|iPhone.Build.0 = Release|Any CPU
		{CD6F09A5-641D-4E43-BB9F-539C0F2B3B2E}.Ad-Hoc|iPhone.Deploy.0 = Release|Any CPU
		{CD6F09A5-641D-4E43-BB9F-539C0F2B3B2E}.Ad-Hoc|iPhoneSimulator.ActiveCfg = Release|Any CPU
		{CD6F09A5-641D-4E43-BB9F-539C0F2B3B2E}.Ad-Hoc|iPhoneSimulator.Build.0 = Release|Any CPU
		{CD6F09A5-641D-4E43-BB9F-539C0F2B3B2E}.Ad-Hoc|iPhoneSimulator.Deploy.0 = Release|Any CPU
		{CD6F09A5-641D-4E43-BB9F-539C0F2B3B2E}.Ad-Hoc|x64.ActiveCfg = Release|Any CPU
		{CD6F09A5-641D-4E43-BB9F-539C0F2B3B2E}.Ad-Hoc|x64.Build.0 = Release|Any CPU
		{CD6F09A5-641D-4E43-BB9F-539C0F2B3B2E}.Ad-Hoc|x64.Deploy.0 = Release|Any CPU
		{CD6F09A5-641D-4E43-BB9F-539C0F2B3B2E}.Ad-Hoc|x86.ActiveCfg = Release|Any CPU
		{CD6F09A5-641D-4E43-BB9F-539C0F2B3B2E}.Ad-Hoc|x86.Build.0 = Release|Any CPU
		{CD6F09A5-641D-4E43-BB9F-539C0F2B3B2E}.Ad-Hoc|x86.Deploy.0 = Release|Any CPU
		{CD6F09A5-641D-4E43-BB9F-539C0F2B3B2E}.AppStore|Any CPU.ActiveCfg = Release|Any CPU
		{CD6F09A5-641D-4E43-BB9F-539C0F2B3B2E}.AppStore|Any CPU.Build.0 = Release|Any CPU
		{CD6F09A5-641D-4E43-BB9F-539C0F2B3B2E}.AppStore|Any CPU.Deploy.0 = Release|Any CPU
		{CD6F09A5-641D-4E43-BB9F-539C0F2B3B2E}.AppStore|ARM.ActiveCfg = Release|Any CPU
		{CD6F09A5-641D-4E43-BB9F-539C0F2B3B2E}.AppStore|ARM.Build.0 = Release|Any CPU
		{CD6F09A5-641D-4E43-BB9F-539C0F2B3B2E}.AppStore|ARM.Deploy.0 = Release|Any CPU
		{CD6F09A5-641D-4E43-BB9F-539C0F2B3B2E}.AppStore|iPhone.ActiveCfg = Release|Any CPU
		{CD6F09A5-641D-4E43-BB9F-539C0F2B3B2E}.AppStore|iPhone.Build.0 = Release|Any CPU
		{CD6F09A5-641D-4E43-BB9F-539C0F2B3B2E}.AppStore|iPhone.Deploy.0 = Release|Any CPU
		{CD6F09A5-641D-4E43-BB9F-539C0F2B3B2E}.AppStore|iPhoneSimulator.ActiveCfg = Release|Any CPU
		{CD6F09A5-641D-4E43-BB9F-539C0F2B3B2E}.AppStore|iPhoneSimulator.Build.0 = Release|Any CPU
		{CD6F09A5-641D-4E43-BB9F-539C0F2B3B2E}.AppStore|iPhoneSimulator.Deploy.0 = Release|Any CPU
		{CD6F09A5-641D-4E43-BB9F-539C0F2B3B2E}.AppStore|x64.ActiveCfg = Release|Any CPU
		{CD6F09A5-641D-4E43-BB9F-539C0F2B3B2E}.AppStore|x64.Build.0 = Release|Any CPU
		{CD6F09A5-641D-4E43-BB9F-539C0F2B3B2E}.AppStore|x64.Deploy.0 = Release|Any CPU
		{CD6F09A5-641D-4E43-BB9F-539C0F2B3B2E}.AppStore|x86.ActiveCfg = Release|Any CPU
		{CD6F09A5-641D-4E43-BB9F-539C0F2B3B2E}.AppStore|x86.Build.0 = Release|Any CPU
		{CD6F09A5-641D-4E43-BB9F-539C0F2B3B2E}.AppStore|x86.Deploy.0 = Release|Any CPU
		{CD6F09A5-641D-4E43-BB9F-539C0F2B3B2E}.Debug|Any CPU.ActiveCfg = Debug|Any CPU
		{CD6F09A5-641D-4E43-BB9F-539C0F2B3B2E}.Debug|Any CPU.Build.0 = Debug|Any CPU
		{CD6F09A5-641D-4E43-BB9F-539C0F2B3B2E}.Debug|Any CPU.Deploy.0 = Debug|Any CPU
		{CD6F09A5-641D-4E43-BB9F-539C0F2B3B2E}.Debug|ARM.ActiveCfg = Debug|Any CPU
		{CD6F09A5-641D-4E43-BB9F-539C0F2B3B2E}.Debug|ARM.Build.0 = Debug|Any CPU
		{CD6F09A5-641D-4E43-BB9F-539C0F2B3B2E}.Debug|ARM.Deploy.0 = Debug|Any CPU
		{CD6F09A5-641D-4E43-BB9F-539C0F2B3B2E}.Debug|iPhone.ActiveCfg = Debug|Any CPU
		{CD6F09A5-641D-4E43-BB9F-539C0F2B3B2E}.Debug|iPhone.Build.0 = Debug|Any CPU
		{CD6F09A5-641D-4E43-BB9F-539C0F2B3B2E}.Debug|iPhone.Deploy.0 = Debug|Any CPU
		{CD6F09A5-641D-4E43-BB9F-539C0F2B3B2E}.Debug|iPhoneSimulator.ActiveCfg = Debug|Any CPU
		{CD6F09A5-641D-4E43-BB9F-539C0F2B3B2E}.Debug|iPhoneSimulator.Build.0 = Debug|Any CPU
		{CD6F09A5-641D-4E43-BB9F-539C0F2B3B2E}.Debug|iPhoneSimulator.Deploy.0 = Debug|Any CPU
		{CD6F09A5-641D-4E43-BB9F-539C0F2B3B2E}.Debug|x64.ActiveCfg = Debug|Any CPU
		{CD6F09A5-641D-4E43-BB9F-539C0F2B3B2E}.Debug|x64.Build.0 = Debug|Any CPU
		{CD6F09A5-641D-4E43-BB9F-539C0F2B3B2E}.Debug|x64.Deploy.0 = Debug|Any CPU
		{CD6F09A5-641D-4E43-BB9F-539C0F2B3B2E}.Debug|x86.ActiveCfg = Debug|Any CPU
		{CD6F09A5-641D-4E43-BB9F-539C0F2B3B2E}.Debug|x86.Build.0 = Debug|Any CPU
		{CD6F09A5-641D-4E43-BB9F-539C0F2B3B2E}.Debug|x86.Deploy.0 = Debug|Any CPU
		{CD6F09A5-641D-4E43-BB9F-539C0F2B3B2E}.Release|Any CPU.ActiveCfg = Release|Any CPU
		{CD6F09A5-641D-4E43-BB9F-539C0F2B3B2E}.Release|Any CPU.Build.0 = Release|Any CPU
		{CD6F09A5-641D-4E43-BB9F-539C0F2B3B2E}.Release|Any CPU.Deploy.0 = Release|Any CPU
		{CD6F09A5-641D-4E43-BB9F-539C0F2B3B2E}.Release|ARM.ActiveCfg = Release|Any CPU
		{CD6F09A5-641D-4E43-BB9F-539C0F2B3B2E}.Release|ARM.Build.0 = Release|Any CPU
		{CD6F09A5-641D-4E43-BB9F-539C0F2B3B2E}.Release|ARM.Deploy.0 = Release|Any CPU
		{CD6F09A5-641D-4E43-BB9F-539C0F2B3B2E}.Release|iPhone.ActiveCfg = Release|Any CPU
		{CD6F09A5-641D-4E43-BB9F-539C0F2B3B2E}.Release|iPhone.Build.0 = Release|Any CPU
		{CD6F09A5-641D-4E43-BB9F-539C0F2B3B2E}.Release|iPhone.Deploy.0 = Release|Any CPU
		{CD6F09A5-641D-4E43-BB9F-539C0F2B3B2E}.Release|iPhoneSimulator.ActiveCfg = Release|Any CPU
		{CD6F09A5-641D-4E43-BB9F-539C0F2B3B2E}.Release|iPhoneSimulator.Build.0 = Release|Any CPU
		{CD6F09A5-641D-4E43-BB9F-539C0F2B3B2E}.Release|iPhoneSimulator.Deploy.0 = Release|Any CPU
		{CD6F09A5-641D-4E43-BB9F-539C0F2B3B2E}.Release|x64.ActiveCfg = Release|Any CPU
		{CD6F09A5-641D-4E43-BB9F-539C0F2B3B2E}.Release|x64.Build.0 = Release|Any CPU
		{CD6F09A5-641D-4E43-BB9F-539C0F2B3B2E}.Release|x64.Deploy.0 = Release|Any CPU
		{CD6F09A5-641D-4E43-BB9F-539C0F2B3B2E}.Release|x86.ActiveCfg = Release|Any CPU
		{CD6F09A5-641D-4E43-BB9F-539C0F2B3B2E}.Release|x86.Build.0 = Release|Any CPU
		{CD6F09A5-641D-4E43-BB9F-539C0F2B3B2E}.Release|x86.Deploy.0 = Release|Any CPU
		{15880705-98B8-4D8E-B0B4-3A2F56FC916E}.Ad-Hoc|Any CPU.ActiveCfg = Release|Any CPU
		{15880705-98B8-4D8E-B0B4-3A2F56FC916E}.Ad-Hoc|Any CPU.Build.0 = Release|Any CPU
		{15880705-98B8-4D8E-B0B4-3A2F56FC916E}.Ad-Hoc|ARM.ActiveCfg = Release|Any CPU
		{15880705-98B8-4D8E-B0B4-3A2F56FC916E}.Ad-Hoc|ARM.Build.0 = Release|Any CPU
		{15880705-98B8-4D8E-B0B4-3A2F56FC916E}.Ad-Hoc|iPhone.ActiveCfg = Release|Any CPU
		{15880705-98B8-4D8E-B0B4-3A2F56FC916E}.Ad-Hoc|iPhone.Build.0 = Release|Any CPU
		{15880705-98B8-4D8E-B0B4-3A2F56FC916E}.Ad-Hoc|iPhoneSimulator.ActiveCfg = Release|Any CPU
		{15880705-98B8-4D8E-B0B4-3A2F56FC916E}.Ad-Hoc|iPhoneSimulator.Build.0 = Release|Any CPU
		{15880705-98B8-4D8E-B0B4-3A2F56FC916E}.Ad-Hoc|x64.ActiveCfg = Release|Any CPU
		{15880705-98B8-4D8E-B0B4-3A2F56FC916E}.Ad-Hoc|x64.Build.0 = Release|Any CPU
		{15880705-98B8-4D8E-B0B4-3A2F56FC916E}.Ad-Hoc|x86.ActiveCfg = Release|Any CPU
		{15880705-98B8-4D8E-B0B4-3A2F56FC916E}.Ad-Hoc|x86.Build.0 = Release|Any CPU
		{15880705-98B8-4D8E-B0B4-3A2F56FC916E}.AppStore|Any CPU.ActiveCfg = Release|Any CPU
		{15880705-98B8-4D8E-B0B4-3A2F56FC916E}.AppStore|Any CPU.Build.0 = Release|Any CPU
		{15880705-98B8-4D8E-B0B4-3A2F56FC916E}.AppStore|ARM.ActiveCfg = Release|Any CPU
		{15880705-98B8-4D8E-B0B4-3A2F56FC916E}.AppStore|ARM.Build.0 = Release|Any CPU
		{15880705-98B8-4D8E-B0B4-3A2F56FC916E}.AppStore|iPhone.ActiveCfg = Release|Any CPU
		{15880705-98B8-4D8E-B0B4-3A2F56FC916E}.AppStore|iPhone.Build.0 = Release|Any CPU
		{15880705-98B8-4D8E-B0B4-3A2F56FC916E}.AppStore|iPhoneSimulator.ActiveCfg = Release|Any CPU
		{15880705-98B8-4D8E-B0B4-3A2F56FC916E}.AppStore|iPhoneSimulator.Build.0 = Release|Any CPU
		{15880705-98B8-4D8E-B0B4-3A2F56FC916E}.AppStore|x64.ActiveCfg = Release|Any CPU
		{15880705-98B8-4D8E-B0B4-3A2F56FC916E}.AppStore|x64.Build.0 = Release|Any CPU
		{15880705-98B8-4D8E-B0B4-3A2F56FC916E}.AppStore|x86.ActiveCfg = Release|Any CPU
		{15880705-98B8-4D8E-B0B4-3A2F56FC916E}.AppStore|x86.Build.0 = Release|Any CPU
		{15880705-98B8-4D8E-B0B4-3A2F56FC916E}.Debug|Any CPU.ActiveCfg = Debug|Any CPU
		{15880705-98B8-4D8E-B0B4-3A2F56FC916E}.Debug|Any CPU.Build.0 = Debug|Any CPU
		{15880705-98B8-4D8E-B0B4-3A2F56FC916E}.Debug|ARM.ActiveCfg = Debug|Any CPU
		{15880705-98B8-4D8E-B0B4-3A2F56FC916E}.Debug|ARM.Build.0 = Debug|Any CPU
		{15880705-98B8-4D8E-B0B4-3A2F56FC916E}.Debug|iPhone.ActiveCfg = Debug|Any CPU
		{15880705-98B8-4D8E-B0B4-3A2F56FC916E}.Debug|iPhone.Build.0 = Debug|Any CPU
		{15880705-98B8-4D8E-B0B4-3A2F56FC916E}.Debug|iPhoneSimulator.ActiveCfg = Debug|Any CPU
		{15880705-98B8-4D8E-B0B4-3A2F56FC916E}.Debug|iPhoneSimulator.Build.0 = Debug|Any CPU
		{15880705-98B8-4D8E-B0B4-3A2F56FC916E}.Debug|x64.ActiveCfg = Debug|Any CPU
		{15880705-98B8-4D8E-B0B4-3A2F56FC916E}.Debug|x64.Build.0 = Debug|Any CPU
		{15880705-98B8-4D8E-B0B4-3A2F56FC916E}.Debug|x86.ActiveCfg = Debug|Any CPU
		{15880705-98B8-4D8E-B0B4-3A2F56FC916E}.Debug|x86.Build.0 = Debug|Any CPU
		{15880705-98B8-4D8E-B0B4-3A2F56FC916E}.Release|Any CPU.ActiveCfg = Release|Any CPU
		{15880705-98B8-4D8E-B0B4-3A2F56FC916E}.Release|Any CPU.Build.0 = Release|Any CPU
		{15880705-98B8-4D8E-B0B4-3A2F56FC916E}.Release|ARM.ActiveCfg = Release|Any CPU
		{15880705-98B8-4D8E-B0B4-3A2F56FC916E}.Release|ARM.Build.0 = Release|Any CPU
		{15880705-98B8-4D8E-B0B4-3A2F56FC916E}.Release|iPhone.ActiveCfg = Release|Any CPU
		{15880705-98B8-4D8E-B0B4-3A2F56FC916E}.Release|iPhone.Build.0 = Release|Any CPU
		{15880705-98B8-4D8E-B0B4-3A2F56FC916E}.Release|iPhoneSimulator.ActiveCfg = Release|Any CPU
		{15880705-98B8-4D8E-B0B4-3A2F56FC916E}.Release|iPhoneSimulator.Build.0 = Release|Any CPU
		{15880705-98B8-4D8E-B0B4-3A2F56FC916E}.Release|x64.ActiveCfg = Release|Any CPU
		{15880705-98B8-4D8E-B0B4-3A2F56FC916E}.Release|x64.Build.0 = Release|Any CPU
		{15880705-98B8-4D8E-B0B4-3A2F56FC916E}.Release|x86.ActiveCfg = Release|Any CPU
		{15880705-98B8-4D8E-B0B4-3A2F56FC916E}.Release|x86.Build.0 = Release|Any CPU
		{B51F966F-0624-44B4-B8E0-391A901116DD}.Ad-Hoc|Any CPU.ActiveCfg = Release|x86
		{B51F966F-0624-44B4-B8E0-391A901116DD}.Ad-Hoc|Any CPU.Build.0 = Release|x86
		{B51F966F-0624-44B4-B8E0-391A901116DD}.Ad-Hoc|Any CPU.Deploy.0 = Release|x86
		{B51F966F-0624-44B4-B8E0-391A901116DD}.Ad-Hoc|ARM.ActiveCfg = Release|ARM
		{B51F966F-0624-44B4-B8E0-391A901116DD}.Ad-Hoc|ARM.Build.0 = Release|ARM
		{B51F966F-0624-44B4-B8E0-391A901116DD}.Ad-Hoc|ARM.Deploy.0 = Release|ARM
		{B51F966F-0624-44B4-B8E0-391A901116DD}.Ad-Hoc|iPhone.ActiveCfg = Release|x86
		{B51F966F-0624-44B4-B8E0-391A901116DD}.Ad-Hoc|iPhone.Build.0 = Release|x86
		{B51F966F-0624-44B4-B8E0-391A901116DD}.Ad-Hoc|iPhone.Deploy.0 = Release|x86
		{B51F966F-0624-44B4-B8E0-391A901116DD}.Ad-Hoc|iPhoneSimulator.ActiveCfg = Release|x86
		{B51F966F-0624-44B4-B8E0-391A901116DD}.Ad-Hoc|iPhoneSimulator.Build.0 = Release|x86
		{B51F966F-0624-44B4-B8E0-391A901116DD}.Ad-Hoc|iPhoneSimulator.Deploy.0 = Release|x86
		{B51F966F-0624-44B4-B8E0-391A901116DD}.Ad-Hoc|x64.ActiveCfg = Release|x64
		{B51F966F-0624-44B4-B8E0-391A901116DD}.Ad-Hoc|x64.Build.0 = Release|x64
		{B51F966F-0624-44B4-B8E0-391A901116DD}.Ad-Hoc|x64.Deploy.0 = Release|x64
		{B51F966F-0624-44B4-B8E0-391A901116DD}.Ad-Hoc|x86.ActiveCfg = Release|x86
		{B51F966F-0624-44B4-B8E0-391A901116DD}.Ad-Hoc|x86.Build.0 = Release|x86
		{B51F966F-0624-44B4-B8E0-391A901116DD}.Ad-Hoc|x86.Deploy.0 = Release|x86
		{B51F966F-0624-44B4-B8E0-391A901116DD}.AppStore|Any CPU.ActiveCfg = Release|x86
		{B51F966F-0624-44B4-B8E0-391A901116DD}.AppStore|Any CPU.Build.0 = Release|x86
		{B51F966F-0624-44B4-B8E0-391A901116DD}.AppStore|Any CPU.Deploy.0 = Release|x86
		{B51F966F-0624-44B4-B8E0-391A901116DD}.AppStore|ARM.ActiveCfg = Release|ARM
		{B51F966F-0624-44B4-B8E0-391A901116DD}.AppStore|ARM.Build.0 = Release|ARM
		{B51F966F-0624-44B4-B8E0-391A901116DD}.AppStore|ARM.Deploy.0 = Release|ARM
		{B51F966F-0624-44B4-B8E0-391A901116DD}.AppStore|iPhone.ActiveCfg = Release|x86
		{B51F966F-0624-44B4-B8E0-391A901116DD}.AppStore|iPhone.Build.0 = Release|x86
		{B51F966F-0624-44B4-B8E0-391A901116DD}.AppStore|iPhone.Deploy.0 = Release|x86
		{B51F966F-0624-44B4-B8E0-391A901116DD}.AppStore|iPhoneSimulator.ActiveCfg = Release|x86
		{B51F966F-0624-44B4-B8E0-391A901116DD}.AppStore|iPhoneSimulator.Build.0 = Release|x86
		{B51F966F-0624-44B4-B8E0-391A901116DD}.AppStore|iPhoneSimulator.Deploy.0 = Release|x86
		{B51F966F-0624-44B4-B8E0-391A901116DD}.AppStore|x64.ActiveCfg = Release|x64
		{B51F966F-0624-44B4-B8E0-391A901116DD}.AppStore|x64.Build.0 = Release|x64
		{B51F966F-0624-44B4-B8E0-391A901116DD}.AppStore|x64.Deploy.0 = Release|x64
		{B51F966F-0624-44B4-B8E0-391A901116DD}.AppStore|x86.ActiveCfg = Release|x86
		{B51F966F-0624-44B4-B8E0-391A901116DD}.AppStore|x86.Build.0 = Release|x86
		{B51F966F-0624-44B4-B8E0-391A901116DD}.AppStore|x86.Deploy.0 = Release|x86
		{B51F966F-0624-44B4-B8E0-391A901116DD}.Debug|Any CPU.ActiveCfg = Debug|x86
		{B51F966F-0624-44B4-B8E0-391A901116DD}.Debug|ARM.ActiveCfg = Debug|ARM
		{B51F966F-0624-44B4-B8E0-391A901116DD}.Debug|ARM.Build.0 = Debug|ARM
		{B51F966F-0624-44B4-B8E0-391A901116DD}.Debug|ARM.Deploy.0 = Debug|ARM
		{B51F966F-0624-44B4-B8E0-391A901116DD}.Debug|iPhone.ActiveCfg = Debug|x86
		{B51F966F-0624-44B4-B8E0-391A901116DD}.Debug|iPhoneSimulator.ActiveCfg = Debug|x86
		{B51F966F-0624-44B4-B8E0-391A901116DD}.Debug|x64.ActiveCfg = Debug|x64
		{B51F966F-0624-44B4-B8E0-391A901116DD}.Debug|x64.Build.0 = Debug|x64
		{B51F966F-0624-44B4-B8E0-391A901116DD}.Debug|x64.Deploy.0 = Debug|x64
		{B51F966F-0624-44B4-B8E0-391A901116DD}.Debug|x86.ActiveCfg = Debug|x86
		{B51F966F-0624-44B4-B8E0-391A901116DD}.Debug|x86.Build.0 = Debug|x86
		{B51F966F-0624-44B4-B8E0-391A901116DD}.Debug|x86.Deploy.0 = Debug|x86
		{B51F966F-0624-44B4-B8E0-391A901116DD}.Release|Any CPU.ActiveCfg = Release|x86
		{B51F966F-0624-44B4-B8E0-391A901116DD}.Release|ARM.ActiveCfg = Release|ARM
		{B51F966F-0624-44B4-B8E0-391A901116DD}.Release|ARM.Build.0 = Release|ARM
		{B51F966F-0624-44B4-B8E0-391A901116DD}.Release|ARM.Deploy.0 = Release|ARM
		{B51F966F-0624-44B4-B8E0-391A901116DD}.Release|iPhone.ActiveCfg = Release|x86
		{B51F966F-0624-44B4-B8E0-391A901116DD}.Release|iPhoneSimulator.ActiveCfg = Release|x86
		{B51F966F-0624-44B4-B8E0-391A901116DD}.Release|x64.ActiveCfg = Release|x64
		{B51F966F-0624-44B4-B8E0-391A901116DD}.Release|x64.Build.0 = Release|x64
		{B51F966F-0624-44B4-B8E0-391A901116DD}.Release|x64.Deploy.0 = Release|x64
		{B51F966F-0624-44B4-B8E0-391A901116DD}.Release|x86.ActiveCfg = Release|x86
		{B51F966F-0624-44B4-B8E0-391A901116DD}.Release|x86.Build.0 = Release|x86
		{B51F966F-0624-44B4-B8E0-391A901116DD}.Release|x86.Deploy.0 = Release|x86
		{31331D96-EE64-4B27-AE18-8D903B6931AF}.Ad-Hoc|Any CPU.ActiveCfg = Ad-Hoc|iPhoneSimulator
		{31331D96-EE64-4B27-AE18-8D903B6931AF}.Ad-Hoc|ARM.ActiveCfg = Ad-Hoc|iPhone
		{31331D96-EE64-4B27-AE18-8D903B6931AF}.Ad-Hoc|iPhone.ActiveCfg = Ad-Hoc|iPhone
		{31331D96-EE64-4B27-AE18-8D903B6931AF}.Ad-Hoc|iPhone.Build.0 = Ad-Hoc|iPhone
		{31331D96-EE64-4B27-AE18-8D903B6931AF}.Ad-Hoc|iPhoneSimulator.ActiveCfg = Ad-Hoc|iPhoneSimulator
		{31331D96-EE64-4B27-AE18-8D903B6931AF}.Ad-Hoc|iPhoneSimulator.Build.0 = Ad-Hoc|iPhoneSimulator
		{31331D96-EE64-4B27-AE18-8D903B6931AF}.Ad-Hoc|x64.ActiveCfg = Ad-Hoc|iPhone
		{31331D96-EE64-4B27-AE18-8D903B6931AF}.Ad-Hoc|x86.ActiveCfg = Ad-Hoc|iPhone
		{31331D96-EE64-4B27-AE18-8D903B6931AF}.AppStore|Any CPU.ActiveCfg = AppStore|iPhoneSimulator
		{31331D96-EE64-4B27-AE18-8D903B6931AF}.AppStore|ARM.ActiveCfg = AppStore|iPhone
		{31331D96-EE64-4B27-AE18-8D903B6931AF}.AppStore|iPhone.ActiveCfg = AppStore|iPhone
		{31331D96-EE64-4B27-AE18-8D903B6931AF}.AppStore|iPhone.Build.0 = AppStore|iPhone
		{31331D96-EE64-4B27-AE18-8D903B6931AF}.AppStore|iPhoneSimulator.ActiveCfg = AppStore|iPhoneSimulator
		{31331D96-EE64-4B27-AE18-8D903B6931AF}.AppStore|iPhoneSimulator.Build.0 = AppStore|iPhoneSimulator
		{31331D96-EE64-4B27-AE18-8D903B6931AF}.AppStore|x64.ActiveCfg = AppStore|iPhone
		{31331D96-EE64-4B27-AE18-8D903B6931AF}.AppStore|x86.ActiveCfg = AppStore|iPhone
		{31331D96-EE64-4B27-AE18-8D903B6931AF}.Debug|Any CPU.ActiveCfg = Debug|iPhoneSimulator
		{31331D96-EE64-4B27-AE18-8D903B6931AF}.Debug|ARM.ActiveCfg = Debug|iPhone
		{31331D96-EE64-4B27-AE18-8D903B6931AF}.Debug|iPhone.ActiveCfg = Debug|iPhone
		{31331D96-EE64-4B27-AE18-8D903B6931AF}.Debug|iPhone.Build.0 = Debug|iPhone
		{31331D96-EE64-4B27-AE18-8D903B6931AF}.Debug|iPhoneSimulator.ActiveCfg = Debug|iPhoneSimulator
		{31331D96-EE64-4B27-AE18-8D903B6931AF}.Debug|iPhoneSimulator.Build.0 = Debug|iPhoneSimulator
		{31331D96-EE64-4B27-AE18-8D903B6931AF}.Debug|x64.ActiveCfg = Debug|iPhone
		{31331D96-EE64-4B27-AE18-8D903B6931AF}.Debug|x86.ActiveCfg = Debug|iPhone
		{31331D96-EE64-4B27-AE18-8D903B6931AF}.Release|Any CPU.ActiveCfg = Release|iPhoneSimulator
		{31331D96-EE64-4B27-AE18-8D903B6931AF}.Release|ARM.ActiveCfg = Release|iPhone
		{31331D96-EE64-4B27-AE18-8D903B6931AF}.Release|iPhone.ActiveCfg = Release|iPhone
		{31331D96-EE64-4B27-AE18-8D903B6931AF}.Release|iPhone.Build.0 = Release|iPhone
		{31331D96-EE64-4B27-AE18-8D903B6931AF}.Release|iPhoneSimulator.ActiveCfg = Release|iPhoneSimulator
		{31331D96-EE64-4B27-AE18-8D903B6931AF}.Release|iPhoneSimulator.Build.0 = Release|iPhoneSimulator
		{31331D96-EE64-4B27-AE18-8D903B6931AF}.Release|x64.ActiveCfg = Release|iPhone
		{31331D96-EE64-4B27-AE18-8D903B6931AF}.Release|x86.ActiveCfg = Release|iPhone
	EndGlobalSection
	GlobalSection(SolutionProperties) = preSolution
		HideSolutionNode = FALSE
	EndGlobalSection
	GlobalSection(ExtensibilityGlobals) = postSolution
		SolutionGuid = {FC9F758D-D614-4FB0-A4F1-C93CF2BCAD9C}
	EndGlobalSection
EndGlobal
